
Microsoft Visual Studio Solution File, Format Version 12.00
# Visual Studio 14
VisualStudioVersion = 14.0.25420.1
MinimumVisualStudioVersion = 10.0.40219.1
Project("{FAE04EC0-301F-11D3-BF4B-00C04F79EFBC}") = "xLab2", "xLab2\xLab2\xLab2.csproj", "{4B374B28-CDD1-4FAA-A6E2-29F6B88558AB}"
EndProject
Project("{FAE04EC0-301F-11D3-BF4B-00C04F79EFBC}") = "xLab2.Android", "xLab2\xLab2.Android\xLab2.Android.csproj", "{F8ECA18E-20A2-408B-8810-4FA7EF64BD4D}"
EndProject
Project("{FAE04EC0-301F-11D3-BF4B-00C04F79EFBC}") = "xLab2.iOS", "xLab2\xLab2.iOS\xLab2.iOS.csproj", "{98769E15-2861-4E9C-A07A-1A6EA9B1ECDC}"
EndProject
Global
	GlobalSection(SolutionConfigurationPlatforms) = preSolution
		Debug|Any CPU = Debug|Any CPU
		Debug|iPhone = Debug|iPhone
		Debug|iPhoneSimulator = Debug|iPhoneSimulator
		Release|Any CPU = Release|Any CPU
		Release|iPhone = Release|iPhone
		Release|iPhoneSimulator = Release|iPhoneSimulator
	EndGlobalSection
	GlobalSection(ProjectConfigurationPlatforms) = postSolution
		{4B374B28-CDD1-4FAA-A6E2-29F6B88558AB}.Debug|Any CPU.ActiveCfg = Debug|Any CPU
		{4B374B28-CDD1-4FAA-A6E2-29F6B88558AB}.Debug|Any CPU.Build.0 = Debug|Any CPU
		{4B374B28-CDD1-4FAA-A6E2-29F6B88558AB}.Debug|Any CPU.Deploy.0 = Debug|Any CPU
		{4B374B28-CDD1-4FAA-A6E2-29F6B88558AB}.Debug|iPhone.ActiveCfg = Debug|Any CPU
		{4B374B28-CDD1-4FAA-A6E2-29F6B88558AB}.Debug|iPhone.Build.0 = Debug|Any CPU
		{4B374B28-CDD1-4FAA-A6E2-29F6B88558AB}.Debug|iPhone.Deploy.0 = Debug|Any CPU
		{4B374B28-CDD1-4FAA-A6E2-29F6B88558AB}.Debug|iPhoneSimulator.ActiveCfg = Debug|Any CPU
		{4B374B28-CDD1-4FAA-A6E2-29F6B88558AB}.Debug|iPhoneSimulator.Build.0 = Debug|Any CPU
		{4B374B28-CDD1-4FAA-A6E2-29F6B88558AB}.Debug|iPhoneSimulator.Deploy.0 = Debug|Any CPU
		{4B374B28-CDD1-4FAA-A6E2-29F6B88558AB}.Release|Any CPU.ActiveCfg = Release|Any CPU
		{4B374B28-CDD1-4FAA-A6E2-29F6B88558AB}.Release|Any CPU.Build.0 = Release|Any CPU
		{4B374B28-CDD1-4FAA-A6E2-29F6B88558AB}.Release|Any CPU.Deploy.0 = Release|Any CPU
		{4B374B28-CDD1-4FAA-A6E2-29F6B88558AB}.Release|iPhone.ActiveCfg = Release|Any CPU
		{4B374B28-CDD1-4FAA-A6E2-29F6B88558AB}.Release|iPhone.Build.0 = Release|Any CPU
		{4B374B28-CDD1-4FAA-A6E2-29F6B88558AB}.Release|iPhone.Deploy.0 = Release|Any CPU
		{4B374B28-CDD1-4FAA-A6E2-29F6B88558AB}.Release|iPhoneSimulator.ActiveCfg = Release|Any CPU
		{4B374B28-CDD1-4FAA-A6E2-29F6B88558AB}.Release|iPhoneSimulator.Build.0 = Release|Any CPU
		{4B374B28-CDD1-4FAA-A6E2-29F6B88558AB}.Release|iPhoneSimulator.Deploy.0 = Release|Any CPU
		{F8ECA18E-20A2-408B-8810-4FA7EF64BD4D}.Debug|Any CPU.ActiveCfg = Debug|Any CPU
		{F8ECA18E-20A2-408B-8810-4FA7EF64BD4D}.Debug|Any CPU.Build.0 = Debug|Any CPU
		{F8ECA18E-20A2-408B-8810-4FA7EF64BD4D}.Debug|Any CPU.Deploy.0 = Debug|Any CPU
		{F8ECA18E-20A2-408B-8810-4FA7EF64BD4D}.Debug|iPhone.ActiveCfg = Debug|Any CPU
		{F8ECA18E-20A2-408B-8810-4FA7EF64BD4D}.Debug|iPhone.Build.0 = Debug|Any CPU
		{F8ECA18E-20A2-408B-8810-4FA7EF64BD4D}.Debug|iPhone.Deploy.0 = Debug|Any CPU
		{F8ECA18E-20A2-408B-8810-4FA7EF64BD4D}.Debug|iPhoneSimulator.ActiveCfg = Debug|Any CPU
		{F8ECA18E-20A2-408B-8810-4FA7EF64BD4D}.Debug|iPhoneSimulator.Build.0 = Debug|Any CPU
		{F8ECA18E-20A2-408B-8810-4FA7EF64BD4D}.Debug|iPhoneSimulator.Deploy.0 = Debug|Any CPU
		{F8ECA18E-20A2-408B-8810-4FA7EF64BD4D}.Release|Any CPU.ActiveCfg = Release|Any CPU
		{F8ECA18E-20A2-408B-8810-4FA7EF64BD4D}.Release|Any CPU.Build.0 = Release|Any CPU
		{F8ECA18E-20A2-408B-8810-4FA7EF64BD4D}.Release|Any CPU.Deploy.0 = Release|Any CPU
		{F8ECA18E-20A2-408B-8810-4FA7EF64BD4D}.Release|iPhone.ActiveCfg = Release|Any CPU
		{F8ECA18E-20A2-408B-8810-4FA7EF64BD4D}.Release|iPhone.Build.0 = Release|Any CPU
		{F8ECA18E-20A2-408B-8810-4FA7EF64BD4D}.Release|iPhone.Deploy.0 = Release|Any CPU
		{F8ECA18E-20A2-408B-8810-4FA7EF64BD4D}.Release|iPhoneSimulator.ActiveCfg = Release|Any CPU
		{F8ECA18E-20A2-408B-8810-4FA7EF64BD4D}.Release|iPhoneSimulator.Build.0 = Release|Any CPU
		{F8ECA18E-20A2-408B-8810-4FA7EF64BD4D}.Release|iPhoneSimulator.Deploy.0 = Release|Any CPU
		{98769E15-2861-4E9C-A07A-1A6EA9B1ECDC}.Debug|Any CPU.ActiveCfg = Debug|iPhoneSimulator
		{98769E15-2861-4E9C-A07A-1A6EA9B1ECDC}.Debug|Any CPU.Build.0 = Debug|iPhoneSimulator
		{98769E15-2861-4E9C-A07A-1A6EA9B1ECDC}.Debug|Any CPU.Deploy.0 = Debug|iPhoneSimulator
		{98769E15-2861-4E9C-A07A-1A6EA9B1ECDC}.Debug|iPhone.ActiveCfg = Debug|iPhone
		{98769E15-2861-4E9C-A07A-1A6EA9B1ECDC}.Debug|iPhone.Build.0 = Debug|iPhone
		{98769E15-2861-4E9C-A07A-1A6EA9B1ECDC}.Debug|iPhone.Deploy.0 = Debug|iPhone
		{98769E15-2861-4E9C-A07A-1A6EA9B1ECDC}.Debug|iPhoneSimulator.ActiveCfg = Debug|iPhoneSimulator
		{98769E15-2861-4E9C-A07A-1A6EA9B1ECDC}.Debug|iPhoneSimulator.Build.0 = Debug|iPhoneSimulator
		{98769E15-2861-4E9C-A07A-1A6EA9B1ECDC}.Debug|iPhoneSimulator.Deploy.0 = Debug|iPhoneSimulator
		{98769E15-2861-4E9C-A07A-1A6EA9B1ECDC}.Release|Any CPU.ActiveCfg = Release|iPhone
		{98769E15-2861-4E9C-A07A-1A6EA9B1ECDC}.Release|Any CPU.Build.0 = Release|iPhone
		{98769E15-2861-4E9C-A07A-1A6EA9B1ECDC}.Release|Any CPU.Deploy.0 = Release|iPhone
		{98769E15-2861-4E9C-A07A-1A6EA9B1ECDC}.Release|iPhone.ActiveCfg = Release|iPhone
		{98769E15-2861-4E9C-A07A-1A6EA9B1ECDC}.Release|iPhone.Build.0 = Release|iPhone
		{98769E15-2861-4E9C-A07A-1A6EA9B1ECDC}.Release|iPhone.Deploy.0 = Release|iPhone
		{98769E15-2861-4E9C-A07A-1A6EA9B1ECDC}.Release|iPhoneSimulator.ActiveCfg = Release|iPhoneSimulator
		{98769E15-2861-4E9C-A07A-1A6EA9B1ECDC}.Release|iPhoneSimulator.Build.0 = Release|iPhoneSimulator
		{98769E15-2861-4E9C-A07A-1A6EA9B1ECDC}.Release|iPhoneSimulator.Deploy.0 = Release|iPhoneSimulator
	EndGlobalSection
	GlobalSection(SolutionProperties) = preSolution
		HideSolutionNode = FALSE
	EndGlobalSection
EndGlobal
